// !$*UTF8*$!
{
	archiveVersion = 1;
	classes = {
	};
	objectVersion = 46;
	objects = {

/* Begin PBXBuildFile section */
		47080F641D819CE3003183BE /* UIBarButtonItem+Extension.swift in Sources */ = {isa = PBXBuildFile; fileRef = 47080F631D819CE3003183BE /* UIBarButtonItem+Extension.swift */; };
		4731C5151DD0BDA700AD533C /* WB_Common.swift in Sources */ = {isa = PBXBuildFile; fileRef = 4731C5141DD0BDA700AD533C /* WB_Common.swift */; };
		4731C5181DD0BFA800AD533C /* WB_OAuthViewController.swift in Sources */ = {isa = PBXBuildFile; fileRef = 4731C5171DD0BFA800AD533C /* WB_OAuthViewController.swift */; };
		4731C5421DD45E7700AD533C /* WB_UserAccount.swift in Sources */ = {isa = PBXBuildFile; fileRef = 4731C5411DD45E7700AD533C /* WB_UserAccount.swift */; };
		4731C5451DD5934400AD533C /* WB_TitleButton.swift in Sources */ = {isa = PBXBuildFile; fileRef = 4731C5441DD5934400AD533C /* WB_TitleButton.swift */; };
		4732DC591DCEF7BD0019B619 /* WB_Status.swift in Sources */ = {isa = PBXBuildFile; fileRef = 4732DC581DCEF7BD0019B619 /* WB_Status.swift */; };
		4732DC5B1DCEF9FE0019B619 /* WB_StatusListViewModel.swift in Sources */ = {isa = PBXBuildFile; fileRef = 4732DC5A1DCEF9FE0019B619 /* WB_StatusListViewModel.swift */; };
		473CACF31DC38BCE00F6F507 /* WB_NetworkManager+Extension.swift in Sources */ = {isa = PBXBuildFile; fileRef = 473CACF21DC38BCE00F6F507 /* WB_NetworkManager+Extension.swift */; };
		475354841D7DAFA700997B52 /* WB_MainViewController.swift in Sources */ = {isa = PBXBuildFile; fileRef = 475354831D7DAFA700997B52 /* WB_MainViewController.swift */; };
		475354861D7DAFCE00997B52 /* WB_NavigationController.swift in Sources */ = {isa = PBXBuildFile; fileRef = 475354851D7DAFCE00997B52 /* WB_NavigationController.swift */; };
		475354891D7DB00000997B52 /* WB_BaseViewController.swift in Sources */ = {isa = PBXBuildFile; fileRef = 475354881D7DB00000997B52 /* WB_BaseViewController.swift */; };
		475930281DC341CF00F2B9F4 /* WB_NetworkManager.swift in Sources */ = {isa = PBXBuildFile; fileRef = 475930271DC341CF00F2B9F4 /* WB_NetworkManager.swift */; };
		4782510E1DC1E82C00E9A7EB /* main.json in Resources */ = {isa = PBXBuildFile; fileRef = 4782510D1DC1E82C00E9A7EB /* main.json */; };
		4782EE021DC0E36C00D4E9DB /* WB_VisitorView.swift in Sources */ = {isa = PBXBuildFile; fileRef = 4782EE011DC0E36C00D4E9DB /* WB_VisitorView.swift */; };
		4782EE1D1DC0F3B100D4E9DB /* NSArray+Log.m in Sources */ = {isa = PBXBuildFile; fileRef = 4782EE061DC0F3B100D4E9DB /* NSArray+Log.m */; };
		4782EE1E1DC0F3B100D4E9DB /* NSAttributedString+CZAdditon.m in Sources */ = {isa = PBXBuildFile; fileRef = 4782EE081DC0F3B100D4E9DB /* NSAttributedString+CZAdditon.m */; };
		4782EE1F1DC0F3B100D4E9DB /* NSObject+CZRuntime.m in Sources */ = {isa = PBXBuildFile; fileRef = 4782EE0A1DC0F3B100D4E9DB /* NSObject+CZRuntime.m */; };
		4782EE201DC0F3B100D4E9DB /* NSString+CZBase64.m in Sources */ = {isa = PBXBuildFile; fileRef = 4782EE0C1DC0F3B100D4E9DB /* NSString+CZBase64.m */; };
		4782EE211DC0F3B100D4E9DB /* NSString+CZHash.m in Sources */ = {isa = PBXBuildFile; fileRef = 4782EE0E1DC0F3B100D4E9DB /* NSString+CZHash.m */; };
		4782EE221DC0F3B100D4E9DB /* NSString+CZPath.m in Sources */ = {isa = PBXBuildFile; fileRef = 4782EE101DC0F3B100D4E9DB /* NSString+CZPath.m */; };
		4782EE231DC0F3B100D4E9DB /* UIButton+CZAddition.m in Sources */ = {isa = PBXBuildFile; fileRef = 4782EE121DC0F3B100D4E9DB /* UIButton+CZAddition.m */; };
		4782EE241DC0F3B100D4E9DB /* UIColor+CZAddition.m in Sources */ = {isa = PBXBuildFile; fileRef = 4782EE141DC0F3B100D4E9DB /* UIColor+CZAddition.m */; };
		4782EE251DC0F3B100D4E9DB /* UILabel+CZAddition.m in Sources */ = {isa = PBXBuildFile; fileRef = 4782EE161DC0F3B100D4E9DB /* UILabel+CZAddition.m */; };
		4782EE261DC0F3B100D4E9DB /* UIScreen+CZAddition.m in Sources */ = {isa = PBXBuildFile; fileRef = 4782EE181DC0F3B100D4E9DB /* UIScreen+CZAddition.m */; };
		4782EE271DC0F3B100D4E9DB /* UIView+CZAddition.m in Sources */ = {isa = PBXBuildFile; fileRef = 4782EE1A1DC0F3B100D4E9DB /* UIView+CZAddition.m */; };
		4782EE281DC0F3B100D4E9DB /* UIViewController+CZAddition.m in Sources */ = {isa = PBXBuildFile; fileRef = 4782EE1C1DC0F3B100D4E9DB /* UIViewController+CZAddition.m */; };
		47B1CDC61D806C37009DA77D /* WB_HomeViewController.swift in Sources */ = {isa = PBXBuildFile; fileRef = 47B1CDC51D806C37009DA77D /* WB_HomeViewController.swift */; };
		47B1CDC81D806C3F009DA77D /* WB_MessageViewController.swift in Sources */ = {isa = PBXBuildFile; fileRef = 47B1CDC71D806C3F009DA77D /* WB_MessageViewController.swift */; };
		47B1CDCA1D806C46009DA77D /* WB_DiscoverViewController.swift in Sources */ = {isa = PBXBuildFile; fileRef = 47B1CDC91D806C46009DA77D /* WB_DiscoverViewController.swift */; };
		47B1CDCC1D806C4C009DA77D /* WB_ProfileViewController.swift in Sources */ = {isa = PBXBuildFile; fileRef = 47B1CDCB1D806C4C009DA77D /* WB_ProfileViewController.swift */; };
		47FB57C51D56F0A300BCBF41 /* AppDelegate.swift in Sources */ = {isa = PBXBuildFile; fileRef = 47FB57C41D56F0A300BCBF41 /* AppDelegate.swift */; };
		47FB57CA1D56F0A300BCBF41 /* Main.storyboard in Resources */ = {isa = PBXBuildFile; fileRef = 47FB57C81D56F0A300BCBF41 /* Main.storyboard */; };
		47FB57CC1D56F0A300BCBF41 /* Assets.xcassets in Resources */ = {isa = PBXBuildFile; fileRef = 47FB57CB1D56F0A300BCBF41 /* Assets.xcassets */; };
		47FB57CF1D56F0A300BCBF41 /* LaunchScreen.storyboard in Resources */ = {isa = PBXBuildFile; fileRef = 47FB57CD1D56F0A300BCBF41 /* LaunchScreen.storyboard */; };
		5E8FB05A1F8E7E6E23D54C38 /* Pods_Swift3_0_WeiBo.framework in Frameworks */ = {isa = PBXBuildFile; fileRef = 55371E8175EA771DF57CC194 /* Pods_Swift3_0_WeiBo.framework */; };
/* End PBXBuildFile section */

/* Begin PBXFileReference section */
		47080F631D819CE3003183BE /* UIBarButtonItem+Extension.swift */ = {isa = PBXFileReference; fileEncoding = 4; lastKnownFileType = sourcecode.swift; path = "UIBarButtonItem+Extension.swift"; sourceTree = "<group>"; };
		4731C5141DD0BDA700AD533C /* WB_Common.swift */ = {isa = PBXFileReference; fileEncoding = 4; lastKnownFileType = sourcecode.swift; path = WB_Common.swift; sourceTree = "<group>"; };
		4731C5171DD0BFA800AD533C /* WB_OAuthViewController.swift */ = {isa = PBXFileReference; fileEncoding = 4; lastKnownFileType = sourcecode.swift; path = WB_OAuthViewController.swift; sourceTree = "<group>"; };
		4731C5411DD45E7700AD533C /* WB_UserAccount.swift */ = {isa = PBXFileReference; fileEncoding = 4; lastKnownFileType = sourcecode.swift; path = WB_UserAccount.swift; sourceTree = "<group>"; };
		4731C5441DD5934400AD533C /* WB_TitleButton.swift */ = {isa = PBXFileReference; fileEncoding = 4; lastKnownFileType = sourcecode.swift; path = WB_TitleButton.swift; sourceTree = "<group>"; };
		4732DC581DCEF7BD0019B619 /* WB_Status.swift */ = {isa = PBXFileReference; fileEncoding = 4; lastKnownFileType = sourcecode.swift; path = WB_Status.swift; sourceTree = "<group>"; };
		4732DC5A1DCEF9FE0019B619 /* WB_StatusListViewModel.swift */ = {isa = PBXFileReference; fileEncoding = 4; lastKnownFileType = sourcecode.swift; path = WB_StatusListViewModel.swift; sourceTree = "<group>"; };
		473CACF21DC38BCE00F6F507 /* WB_NetworkManager+Extension.swift */ = {isa = PBXFileReference; fileEncoding = 4; lastKnownFileType = sourcecode.swift; path = "WB_NetworkManager+Extension.swift"; sourceTree = "<group>"; };
		475354831D7DAFA700997B52 /* WB_MainViewController.swift */ = {isa = PBXFileReference; fileEncoding = 4; lastKnownFileType = sourcecode.swift; path = WB_MainViewController.swift; sourceTree = "<group>"; };
		475354851D7DAFCE00997B52 /* WB_NavigationController.swift */ = {isa = PBXFileReference; fileEncoding = 4; lastKnownFileType = sourcecode.swift; path = WB_NavigationController.swift; sourceTree = "<group>"; };
		475354881D7DB00000997B52 /* WB_BaseViewController.swift */ = {isa = PBXFileReference; fileEncoding = 4; lastKnownFileType = sourcecode.swift; path = WB_BaseViewController.swift; sourceTree = "<group>"; };
		4753548A1D7DB22600997B52 /* WeiBo-Bridge.h */ = {isa = PBXFileReference; lastKnownFileType = sourcecode.c.h; path = "WeiBo-Bridge.h"; sourceTree = "<group>"; };
		475930271DC341CF00F2B9F4 /* WB_NetworkManager.swift */ = {isa = PBXFileReference; fileEncoding = 4; lastKnownFileType = sourcecode.swift; path = WB_NetworkManager.swift; sourceTree = "<group>"; };
		4782510D1DC1E82C00E9A7EB /* main.json */ = {isa = PBXFileReference; fileEncoding = 4; lastKnownFileType = text.json; path = main.json; sourceTree = "<group>"; };
		4782EE011DC0E36C00D4E9DB /* WB_VisitorView.swift */ = {isa = PBXFileReference; fileEncoding = 4; lastKnownFileType = sourcecode.swift; path = WB_VisitorView.swift; sourceTree = "<group>"; };
		4782EE041DC0F3B100D4E9DB /* CZAdditions.h */ = {isa = PBXFileReference; fileEncoding = 4; lastKnownFileType = sourcecode.c.h; path = CZAdditions.h; sourceTree = "<group>"; };
		4782EE051DC0F3B100D4E9DB /* NSArray+Log.h */ = {isa = PBXFileReference; fileEncoding = 4; lastKnownFileType = sourcecode.c.h; path = "NSArray+Log.h"; sourceTree = "<group>"; };
		4782EE061DC0F3B100D4E9DB /* NSArray+Log.m */ = {isa = PBXFileReference; fileEncoding = 4; lastKnownFileType = sourcecode.c.objc; path = "NSArray+Log.m"; sourceTree = "<group>"; };
		4782EE071DC0F3B100D4E9DB /* NSAttributedString+CZAdditon.h */ = {isa = PBXFileReference; fileEncoding = 4; lastKnownFileType = sourcecode.c.h; path = "NSAttributedString+CZAdditon.h"; sourceTree = "<group>"; };
		4782EE081DC0F3B100D4E9DB /* NSAttributedString+CZAdditon.m */ = {isa = PBXFileReference; fileEncoding = 4; lastKnownFileType = sourcecode.c.objc; path = "NSAttributedString+CZAdditon.m"; sourceTree = "<group>"; };
		4782EE091DC0F3B100D4E9DB /* NSObject+CZRuntime.h */ = {isa = PBXFileReference; fileEncoding = 4; lastKnownFileType = sourcecode.c.h; path = "NSObject+CZRuntime.h"; sourceTree = "<group>"; };
		4782EE0A1DC0F3B100D4E9DB /* NSObject+CZRuntime.m */ = {isa = PBXFileReference; fileEncoding = 4; lastKnownFileType = sourcecode.c.objc; path = "NSObject+CZRuntime.m"; sourceTree = "<group>"; };
		4782EE0B1DC0F3B100D4E9DB /* NSString+CZBase64.h */ = {isa = PBXFileReference; fileEncoding = 4; lastKnownFileType = sourcecode.c.h; path = "NSString+CZBase64.h"; sourceTree = "<group>"; };
		4782EE0C1DC0F3B100D4E9DB /* NSString+CZBase64.m */ = {isa = PBXFileReference; fileEncoding = 4; lastKnownFileType = sourcecode.c.objc; path = "NSString+CZBase64.m"; sourceTree = "<group>"; };
		4782EE0D1DC0F3B100D4E9DB /* NSString+CZHash.h */ = {isa = PBXFileReference; fileEncoding = 4; lastKnownFileType = sourcecode.c.h; path = "NSString+CZHash.h"; sourceTree = "<group>"; };
		4782EE0E1DC0F3B100D4E9DB /* NSString+CZHash.m */ = {isa = PBXFileReference; fileEncoding = 4; lastKnownFileType = sourcecode.c.objc; path = "NSString+CZHash.m"; sourceTree = "<group>"; };
		4782EE0F1DC0F3B100D4E9DB /* NSString+CZPath.h */ = {isa = PBXFileReference; fileEncoding = 4; lastKnownFileType = sourcecode.c.h; path = "NSString+CZPath.h"; sourceTree = "<group>"; };
		4782EE101DC0F3B100D4E9DB /* NSString+CZPath.m */ = {isa = PBXFileReference; fileEncoding = 4; lastKnownFileType = sourcecode.c.objc; path = "NSString+CZPath.m"; sourceTree = "<group>"; };
		4782EE111DC0F3B100D4E9DB /* UIButton+CZAddition.h */ = {isa = PBXFileReference; fileEncoding = 4; lastKnownFileType = sourcecode.c.h; path = "UIButton+CZAddition.h"; sourceTree = "<group>"; };
		4782EE121DC0F3B100D4E9DB /* UIButton+CZAddition.m */ = {isa = PBXFileReference; fileEncoding = 4; lastKnownFileType = sourcecode.c.objc; path = "UIButton+CZAddition.m"; sourceTree = "<group>"; };
		4782EE131DC0F3B100D4E9DB /* UIColor+CZAddition.h */ = {isa = PBXFileReference; fileEncoding = 4; lastKnownFileType = sourcecode.c.h; path = "UIColor+CZAddition.h"; sourceTree = "<group>"; };
		4782EE141DC0F3B100D4E9DB /* UIColor+CZAddition.m */ = {isa = PBXFileReference; fileEncoding = 4; lastKnownFileType = sourcecode.c.objc; path = "UIColor+CZAddition.m"; sourceTree = "<group>"; };
		4782EE151DC0F3B100D4E9DB /* UILabel+CZAddition.h */ = {isa = PBXFileReference; fileEncoding = 4; lastKnownFileType = sourcecode.c.h; path = "UILabel+CZAddition.h"; sourceTree = "<group>"; };
		4782EE161DC0F3B100D4E9DB /* UILabel+CZAddition.m */ = {isa = PBXFileReference; fileEncoding = 4; lastKnownFileType = sourcecode.c.objc; path = "UILabel+CZAddition.m"; sourceTree = "<group>"; };
		4782EE171DC0F3B100D4E9DB /* UIScreen+CZAddition.h */ = {isa = PBXFileReference; fileEncoding = 4; lastKnownFileType = sourcecode.c.h; path = "UIScreen+CZAddition.h"; sourceTree = "<group>"; };
		4782EE181DC0F3B100D4E9DB /* UIScreen+CZAddition.m */ = {isa = PBXFileReference; fileEncoding = 4; lastKnownFileType = sourcecode.c.objc; path = "UIScreen+CZAddition.m"; sourceTree = "<group>"; };
		4782EE191DC0F3B100D4E9DB /* UIView+CZAddition.h */ = {isa = PBXFileReference; fileEncoding = 4; lastKnownFileType = sourcecode.c.h; path = "UIView+CZAddition.h"; sourceTree = "<group>"; };
		4782EE1A1DC0F3B100D4E9DB /* UIView+CZAddition.m */ = {isa = PBXFileReference; fileEncoding = 4; lastKnownFileType = sourcecode.c.objc; path = "UIView+CZAddition.m"; sourceTree = "<group>"; };
		4782EE1B1DC0F3B100D4E9DB /* UIViewController+CZAddition.h */ = {isa = PBXFileReference; fileEncoding = 4; lastKnownFileType = sourcecode.c.h; path = "UIViewController+CZAddition.h"; sourceTree = "<group>"; };
		4782EE1C1DC0F3B100D4E9DB /* UIViewController+CZAddition.m */ = {isa = PBXFileReference; fileEncoding = 4; lastKnownFileType = sourcecode.c.objc; path = "UIViewController+CZAddition.m"; sourceTree = "<group>"; };
		47B1CDC51D806C37009DA77D /* WB_HomeViewController.swift */ = {isa = PBXFileReference; fileEncoding = 4; lastKnownFileType = sourcecode.swift; path = WB_HomeViewController.swift; sourceTree = "<group>"; };
		47B1CDC71D806C3F009DA77D /* WB_MessageViewController.swift */ = {isa = PBXFileReference; fileEncoding = 4; lastKnownFileType = sourcecode.swift; path = WB_MessageViewController.swift; sourceTree = "<group>"; };
		47B1CDC91D806C46009DA77D /* WB_DiscoverViewController.swift */ = {isa = PBXFileReference; fileEncoding = 4; lastKnownFileType = sourcecode.swift; path = WB_DiscoverViewController.swift; sourceTree = "<group>"; };
		47B1CDCB1D806C4C009DA77D /* WB_ProfileViewController.swift */ = {isa = PBXFileReference; fileEncoding = 4; lastKnownFileType = sourcecode.swift; path = WB_ProfileViewController.swift; sourceTree = "<group>"; };
		47FB57C11D56F0A300BCBF41 /* WeiBo.app */ = {isa = PBXFileReference; explicitFileType = wrapper.application; includeInIndex = 0; path = WeiBo.app; sourceTree = BUILT_PRODUCTS_DIR; };
		47FB57C41D56F0A300BCBF41 /* AppDelegate.swift */ = {isa = PBXFileReference; lastKnownFileType = sourcecode.swift; path = AppDelegate.swift; sourceTree = "<group>"; };
		47FB57C91D56F0A300BCBF41 /* Base */ = {isa = PBXFileReference; lastKnownFileType = file.storyboard; name = Base; path = Base.lproj/Main.storyboard; sourceTree = "<group>"; };
		47FB57CB1D56F0A300BCBF41 /* Assets.xcassets */ = {isa = PBXFileReference; lastKnownFileType = folder.assetcatalog; path = Assets.xcassets; sourceTree = "<group>"; };
		47FB57CE1D56F0A300BCBF41 /* Base */ = {isa = PBXFileReference; lastKnownFileType = file.storyboard; name = Base; path = Base.lproj/LaunchScreen.storyboard; sourceTree = "<group>"; };
		47FB57D01D56F0A300BCBF41 /* Info.plist */ = {isa = PBXFileReference; lastKnownFileType = text.plist.xml; path = Info.plist; sourceTree = "<group>"; };
		55371E8175EA771DF57CC194 /* Pods_Swift3_0_WeiBo.framework */ = {isa = PBXFileReference; explicitFileType = wrapper.framework; includeInIndex = 0; path = Pods_Swift3_0_WeiBo.framework; sourceTree = BUILT_PRODUCTS_DIR; };
		73C2034B95E9309BF08A7A0F /* Pods-Swift3.0-WeiBo.debug.xcconfig */ = {isa = PBXFileReference; includeInIndex = 1; lastKnownFileType = text.xcconfig; name = "Pods-Swift3.0-WeiBo.debug.xcconfig"; path = "Pods/Target Support Files/Pods-Swift3.0-WeiBo/Pods-Swift3.0-WeiBo.debug.xcconfig"; sourceTree = "<group>"; };
		A0884D90D940C18A5F59360C /* Pods-Swift3.0-WeiBo.release.xcconfig */ = {isa = PBXFileReference; includeInIndex = 1; lastKnownFileType = text.xcconfig; name = "Pods-Swift3.0-WeiBo.release.xcconfig"; path = "Pods/Target Support Files/Pods-Swift3.0-WeiBo/Pods-Swift3.0-WeiBo.release.xcconfig"; sourceTree = "<group>"; };
/* End PBXFileReference section */

/* Begin PBXFrameworksBuildPhase section */
		47FB57BE1D56F0A300BCBF41 /* Frameworks */ = {
			isa = PBXFrameworksBuildPhase;
			buildActionMask = 2147483647;
			files = (
				5E8FB05A1F8E7E6E23D54C38 /* Pods_Swift3_0_WeiBo.framework in Frameworks */,
			);
			runOnlyForDeploymentPostprocessing = 0;
		};
/* End PBXFrameworksBuildPhase section */

/* Begin PBXGroup section */
		198A7D9D9D60D19F8DCDC088 /* Frameworks */ = {
			isa = PBXGroup;
			children = (
				55371E8175EA771DF57CC194 /* Pods_Swift3_0_WeiBo.framework */,
			);
			name = Frameworks;
			sourceTree = "<group>";
		};
		2BE8B175650E3A6B8B6BD135 /* Pods */ = {
			isa = PBXGroup;
			children = (
				73C2034B95E9309BF08A7A0F /* Pods-Swift3.0-WeiBo.debug.xcconfig */,
				A0884D90D940C18A5F59360C /* Pods-Swift3.0-WeiBo.release.xcconfig */,
			);
			name = Pods;
			sourceTree = "<group>";
		};
		4731C5161DD0BF9800AD533C /* OAuth */ = {
			isa = PBXGroup;
			children = (
				4731C5171DD0BFA800AD533C /* WB_OAuthViewController.swift */,
			);
			path = OAuth;
			sourceTree = "<group>";
		};
		4731C5401DD45E5800AD533C /* Model */ = {
			isa = PBXGroup;
			children = (
				4731C5411DD45E7700AD533C /* WB_UserAccount.swift */,
			);
			path = Model;
			sourceTree = "<group>";
		};
		4731C5431DD5933300AD533C /* View */ = {
			isa = PBXGroup;
			children = (
				4731C5441DD5934400AD533C /* WB_TitleButton.swift */,
			);
			path = View;
			sourceTree = "<group>";
		};
		475354791D7DAF5A00997B52 /* Class */ = {
			isa = PBXGroup;
			children = (
				4753547C1D7DAF5A00997B52 /* View(视图和控制器) */,
				475354821D7DAF5A00997B52 /* ViewModel(视图模型) */,
				4753547A1D7DAF5A00997B52 /* Model(模型) */,
				4753547B1D7DAF5A00997B52 /* Tools */,
			);
			path = Class;
			sourceTree = "<group>";
		};
		4753547A1D7DAF5A00997B52 /* Model(模型) */ = {
			isa = PBXGroup;
			children = (
				4732DC581DCEF7BD0019B619 /* WB_Status.swift */,
			);
			path = "Model(模型)";
			sourceTree = "<group>";
		};
		4753547B1D7DAF5A00997B52 /* Tools */ = {
			isa = PBXGroup;
			children = (
				475930261DC341B300F2B9F4 /* Network */,
				4782EE031DC0F39B00D4E9DB /* Additions */,
				4753548A1D7DB22600997B52 /* WeiBo-Bridge.h */,
				4731C5141DD0BDA700AD533C /* WB_Common.swift */,
				47080F631D819CE3003183BE /* UIBarButtonItem+Extension.swift */,
			);
			path = Tools;
			sourceTree = "<group>";
		};
		4753547C1D7DAF5A00997B52 /* View(视图和控制器) */ = {
			isa = PBXGroup;
			children = (
				4731C5161DD0BF9800AD533C /* OAuth */,
				475354871D7DAFEB00997B52 /* Basic */,
				4753547F1D7DAF5A00997B52 /* Main */,
				4753547E1D7DAF5A00997B52 /* Home */,
				475354801D7DAF5A00997B52 /* Message */,
				4753547D1D7DAF5A00997B52 /* Discover */,
				475354811D7DAF5A00997B52 /* Profile */,
			);
			path = "View(视图和控制器)";
			sourceTree = "<group>";
		};
		4753547D1D7DAF5A00997B52 /* Discover */ = {
			isa = PBXGroup;
			children = (
				47B1CDC91D806C46009DA77D /* WB_DiscoverViewController.swift */,
			);
			path = Discover;
			sourceTree = "<group>";
		};
		4753547E1D7DAF5A00997B52 /* Home */ = {
			isa = PBXGroup;
			children = (
				4731C5431DD5933300AD533C /* View */,
				47B1CDC51D806C37009DA77D /* WB_HomeViewController.swift */,
			);
			path = Home;
			sourceTree = "<group>";
		};
		4753547F1D7DAF5A00997B52 /* Main */ = {
			isa = PBXGroup;
			children = (
				4782510D1DC1E82C00E9A7EB /* main.json */,
				4782EDFD1DC0E22E00D4E9DB /* VisitorView */,
				475354831D7DAFA700997B52 /* WB_MainViewController.swift */,
				475354851D7DAFCE00997B52 /* WB_NavigationController.swift */,
			);
			path = Main;
			sourceTree = "<group>";
		};
		475354801D7DAF5A00997B52 /* Message */ = {
			isa = PBXGroup;
			children = (
				47B1CDC71D806C3F009DA77D /* WB_MessageViewController.swift */,
			);
			path = Message;
			sourceTree = "<group>";
		};
		475354811D7DAF5A00997B52 /* Profile */ = {
			isa = PBXGroup;
			children = (
				47B1CDCB1D806C4C009DA77D /* WB_ProfileViewController.swift */,
			);
			path = Profile;
			sourceTree = "<group>";
		};
		475354821D7DAF5A00997B52 /* ViewModel(视图模型) */ = {
			isa = PBXGroup;
			children = (
				4732DC5A1DCEF9FE0019B619 /* WB_StatusListViewModel.swift */,
			);
			path = "ViewModel(视图模型)";
			sourceTree = "<group>";
		};
		475354871D7DAFEB00997B52 /* Basic */ = {
			isa = PBXGroup;
			children = (
				475354881D7DB00000997B52 /* WB_BaseViewController.swift */,
			);
			path = Basic;
			sourceTree = "<group>";
		};
		475930261DC341B300F2B9F4 /* Network */ = {
			isa = PBXGroup;
			children = (
				4731C5401DD45E5800AD533C /* Model */,
				475930271DC341CF00F2B9F4 /* WB_NetworkManager.swift */,
				473CACF21DC38BCE00F6F507 /* WB_NetworkManager+Extension.swift */,
			);
			path = Network;
			sourceTree = "<group>";
		};
		4782EDFD1DC0E22E00D4E9DB /* VisitorView */ = {
			isa = PBXGroup;
			children = (
				4782EE011DC0E36C00D4E9DB /* WB_VisitorView.swift */,
			);
			path = VisitorView;
			sourceTree = "<group>";
		};
		4782EE031DC0F39B00D4E9DB /* Additions */ = {
			isa = PBXGroup;
			children = (
				4782EE041DC0F3B100D4E9DB /* CZAdditions.h */,
				4782EE051DC0F3B100D4E9DB /* NSArray+Log.h */,
				4782EE061DC0F3B100D4E9DB /* NSArray+Log.m */,
				4782EE071DC0F3B100D4E9DB /* NSAttributedString+CZAdditon.h */,
				4782EE081DC0F3B100D4E9DB /* NSAttributedString+CZAdditon.m */,
				4782EE091DC0F3B100D4E9DB /* NSObject+CZRuntime.h */,
				4782EE0A1DC0F3B100D4E9DB /* NSObject+CZRuntime.m */,
				4782EE0B1DC0F3B100D4E9DB /* NSString+CZBase64.h */,
				4782EE0C1DC0F3B100D4E9DB /* NSString+CZBase64.m */,
				4782EE0D1DC0F3B100D4E9DB /* NSString+CZHash.h */,
				4782EE0E1DC0F3B100D4E9DB /* NSString+CZHash.m */,
				4782EE0F1DC0F3B100D4E9DB /* NSString+CZPath.h */,
				4782EE101DC0F3B100D4E9DB /* NSString+CZPath.m */,
				4782EE111DC0F3B100D4E9DB /* UIButton+CZAddition.h */,
				4782EE121DC0F3B100D4E9DB /* UIButton+CZAddition.m */,
				4782EE131DC0F3B100D4E9DB /* UIColor+CZAddition.h */,
				4782EE141DC0F3B100D4E9DB /* UIColor+CZAddition.m */,
				4782EE151DC0F3B100D4E9DB /* UILabel+CZAddition.h */,
				4782EE161DC0F3B100D4E9DB /* UILabel+CZAddition.m */,
				4782EE171DC0F3B100D4E9DB /* UIScreen+CZAddition.h */,
				4782EE181DC0F3B100D4E9DB /* UIScreen+CZAddition.m */,
				4782EE191DC0F3B100D4E9DB /* UIView+CZAddition.h */,
				4782EE1A1DC0F3B100D4E9DB /* UIView+CZAddition.m */,
				4782EE1B1DC0F3B100D4E9DB /* UIViewController+CZAddition.h */,
				4782EE1C1DC0F3B100D4E9DB /* UIViewController+CZAddition.m */,
			);
			path = Additions;
			sourceTree = "<group>";
		};
		47FB57B81D56F0A300BCBF41 = {
			isa = PBXGroup;
			children = (
				47FB57C31D56F0A300BCBF41 /* Swift3.0-WeiBo */,
				47FB57C21D56F0A300BCBF41 /* Products */,
				2BE8B175650E3A6B8B6BD135 /* Pods */,
				198A7D9D9D60D19F8DCDC088 /* Frameworks */,
			);
			sourceTree = "<group>";
		};
		47FB57C21D56F0A300BCBF41 /* Products */ = {
			isa = PBXGroup;
			children = (
				47FB57C11D56F0A300BCBF41 /* WeiBo.app */,
			);
			name = Products;
			sourceTree = "<group>";
		};
		47FB57C31D56F0A300BCBF41 /* Swift3.0-WeiBo */ = {
			isa = PBXGroup;
			children = (
				47FB57C41D56F0A300BCBF41 /* AppDelegate.swift */,
				475354791D7DAF5A00997B52 /* Class */,
				47FB57C81D56F0A300BCBF41 /* Main.storyboard */,
				47FB57CB1D56F0A300BCBF41 /* Assets.xcassets */,
				47FB57CD1D56F0A300BCBF41 /* LaunchScreen.storyboard */,
				47FB57D01D56F0A300BCBF41 /* Info.plist */,
			);
			path = "Swift3.0-WeiBo";
			sourceTree = "<group>";
		};
/* End PBXGroup section */

/* Begin PBXNativeTarget section */
		47FB57C01D56F0A300BCBF41 /* Swift3.0-WeiBo */ = {
			isa = PBXNativeTarget;
			buildConfigurationList = 47FB57D31D56F0A300BCBF41 /* Build configuration list for PBXNativeTarget "Swift3.0-WeiBo" */;
			buildPhases = (
				0094319B06104EFF8D7F1305 /* [CP] Check Pods Manifest.lock */,
				47FB57BD1D56F0A300BCBF41 /* Sources */,
				47FB57BE1D56F0A300BCBF41 /* Frameworks */,
				47FB57BF1D56F0A300BCBF41 /* Resources */,
				AEFC2C9A25A6E0007D107562 /* [CP] Embed Pods Frameworks */,
				248DE669FC6CB4A72BB29C5D /* [CP] Copy Pods Resources */,
			);
			buildRules = (
			);
			dependencies = (
			);
			name = "Swift3.0-WeiBo";
			productName = "Swift3.0-WeiBo";
			productReference = 47FB57C11D56F0A300BCBF41 /* WeiBo.app */;
			productType = "com.apple.product-type.application";
		};
/* End PBXNativeTarget section */

/* Begin PBXProject section */
		47FB57B91D56F0A300BCBF41 /* Project object */ = {
			isa = PBXProject;
			attributes = {
				CLASSPREFIX = WB_;
				LastSwiftUpdateCheck = 0800;
				LastUpgradeCheck = 0810;
				ORGANIZATIONNAME = "X-Liang";
				TargetAttributes = {
					47FB57C01D56F0A300BCBF41 = {
						CreatedOnToolsVersion = 8.0;
						DevelopmentTeam = 5MPLF388EQ;
						ProvisioningStyle = Automatic;
					};
				};
			};
			buildConfigurationList = 47FB57BC1D56F0A300BCBF41 /* Build configuration list for PBXProject "Swift3.0-WeiBo" */;
			compatibilityVersion = "Xcode 3.2";
			developmentRegion = English;
			hasScannedForEncodings = 0;
			knownRegions = (
				en,
				Base,
			);
			mainGroup = 47FB57B81D56F0A300BCBF41;
			productRefGroup = 47FB57C21D56F0A300BCBF41 /* Products */;
			projectDirPath = "";
			projectRoot = "";
			targets = (
				47FB57C01D56F0A300BCBF41 /* Swift3.0-WeiBo */,
			);
		};
/* End PBXProject section */

/* Begin PBXResourcesBuildPhase section */
		47FB57BF1D56F0A300BCBF41 /* Resources */ = {
			isa = PBXResourcesBuildPhase;
			buildActionMask = 2147483647;
			files = (
				47FB57CF1D56F0A300BCBF41 /* LaunchScreen.storyboard in Resources */,
				47FB57CC1D56F0A300BCBF41 /* Assets.xcassets in Resources */,
				4782510E1DC1E82C00E9A7EB /* main.json in Resources */,
				47FB57CA1D56F0A300BCBF41 /* Main.storyboard in Resources */,
			);
			runOnlyForDeploymentPostprocessing = 0;
		};
/* End PBXResourcesBuildPhase section */

/* Begin PBXShellScriptBuildPhase section */
		0094319B06104EFF8D7F1305 /* [CP] Check Pods Manifest.lock */ = {
			isa = PBXShellScriptBuildPhase;
			buildActionMask = 2147483647;
			files = (
			);
			inputPaths = (
			);
			name = "[CP] Check Pods Manifest.lock";
			outputPaths = (
			);
			runOnlyForDeploymentPostprocessing = 0;
			shellPath = /bin/sh;
			shellScript = "diff \"${PODS_ROOT}/../Podfile.lock\" \"${PODS_ROOT}/Manifest.lock\" > /dev/null\nif [[ $? != 0 ]] ; then\n    cat << EOM\nerror: The sandbox is not in sync with the Podfile.lock. Run 'pod install' or update your CocoaPods installation.\nEOM\n    exit 1\nfi\n";
			showEnvVarsInLog = 0;
		};
		248DE669FC6CB4A72BB29C5D /* [CP] Copy Pods Resources */ = {
			isa = PBXShellScriptBuildPhase;
			buildActionMask = 2147483647;
			files = (
			);
			inputPaths = (
			);
			name = "[CP] Copy Pods Resources";
			outputPaths = (
			);
			runOnlyForDeploymentPostprocessing = 0;
			shellPath = /bin/sh;
			shellScript = "\"${SRCROOT}/Pods/Target Support Files/Pods-Swift3.0-WeiBo/Pods-Swift3.0-WeiBo-resources.sh\"\n";
			showEnvVarsInLog = 0;
		};
		AEFC2C9A25A6E0007D107562 /* [CP] Embed Pods Frameworks */ = {
			isa = PBXShellScriptBuildPhase;
			buildActionMask = 2147483647;
			files = (
			);
			inputPaths = (
			);
			name = "[CP] Embed Pods Frameworks";
			outputPaths = (
			);
			runOnlyForDeploymentPostprocessing = 0;
			shellPath = /bin/sh;
			shellScript = "\"${SRCROOT}/Pods/Target Support Files/Pods-Swift3.0-WeiBo/Pods-Swift3.0-WeiBo-frameworks.sh\"\n";
			showEnvVarsInLog = 0;
		};
/* End PBXShellScriptBuildPhase section */

/* Begin PBXSourcesBuildPhase section */
		47FB57BD1D56F0A300BCBF41 /* Sources */ = {
			isa = PBXSourcesBuildPhase;
			buildActionMask = 2147483647;
			files = (
				47B1CDCA1D806C46009DA77D /* WB_DiscoverViewController.swift in Sources */,
				47B1CDCC1D806C4C009DA77D /* WB_ProfileViewController.swift in Sources */,
				4782EE1F1DC0F3B100D4E9DB /* NSObject+CZRuntime.m in Sources */,
				4782EE201DC0F3B100D4E9DB /* NSString+CZBase64.m in Sources */,
				475354861D7DAFCE00997B52 /* WB_NavigationController.swift in Sources */,
				475354841D7DAFA700997B52 /* WB_MainViewController.swift in Sources */,
				4782EE271DC0F3B100D4E9DB /* UIView+CZAddition.m in Sources */,
				475930281DC341CF00F2B9F4 /* WB_NetworkManager.swift in Sources */,
				475354891D7DB00000997B52 /* WB_BaseViewController.swift in Sources */,
				4782EE251DC0F3B100D4E9DB /* UILabel+CZAddition.m in Sources */,
				4782EE211DC0F3B100D4E9DB /* NSString+CZHash.m in Sources */,
				4731C5181DD0BFA800AD533C /* WB_OAuthViewController.swift in Sources */,
				473CACF31DC38BCE00F6F507 /* WB_NetworkManager+Extension.swift in Sources */,
				4782EE241DC0F3B100D4E9DB /* UIColor+CZAddition.m in Sources */,
				4782EE281DC0F3B100D4E9DB /* UIViewController+CZAddition.m in Sources */,
				4782EE261DC0F3B100D4E9DB /* UIScreen+CZAddition.m in Sources */,
				47B1CDC81D806C3F009DA77D /* WB_MessageViewController.swift in Sources */,
				4732DC591DCEF7BD0019B619 /* WB_Status.swift in Sources */,
				4732DC5B1DCEF9FE0019B619 /* WB_StatusListViewModel.swift in Sources */,
				4782EE221DC0F3B100D4E9DB /* NSString+CZPath.m in Sources */,
				4782EE1D1DC0F3B100D4E9DB /* NSArray+Log.m in Sources */,
				47FB57C51D56F0A300BCBF41 /* AppDelegate.swift in Sources */,
				4782EE1E1DC0F3B100D4E9DB /* NSAttributedString+CZAdditon.m in Sources */,
				4782EE231DC0F3B100D4E9DB /* UIButton+CZAddition.m in Sources */,
				4731C5151DD0BDA700AD533C /* WB_Common.swift in Sources */,
				4731C5451DD5934400AD533C /* WB_TitleButton.swift in Sources */,
				47080F641D819CE3003183BE /* UIBarButtonItem+Extension.swift in Sources */,
				4782EE021DC0E36C00D4E9DB /* WB_VisitorView.swift in Sources */,
				47B1CDC61D806C37009DA77D /* WB_HomeViewController.swift in Sources */,
				4731C5421DD45E7700AD533C /* WB_UserAccount.swift in Sources */,
			);
			runOnlyForDeploymentPostprocessing = 0;
		};
/* End PBXSourcesBuildPhase section */

/* Begin PBXVariantGroup section */
		47FB57C81D56F0A300BCBF41 /* Main.storyboard */ = {
			isa = PBXVariantGroup;
			children = (
				47FB57C91D56F0A300BCBF41 /* Base */,
			);
			name = Main.storyboard;
			sourceTree = "<group>";
		};
		47FB57CD1D56F0A300BCBF41 /* LaunchScreen.storyboard */ = {
			isa = PBXVariantGroup;
			children = (
				47FB57CE1D56F0A300BCBF41 /* Base */,
			);
			name = LaunchScreen.storyboard;
			sourceTree = "<group>";
		};
/* End PBXVariantGroup section */

/* Begin XCBuildConfiguration section */
		47FB57D11D56F0A300BCBF41 /* Debug */ = {
			isa = XCBuildConfiguration;
			buildSettings = {
				ALWAYS_SEARCH_USER_PATHS = NO;
				CLANG_ANALYZER_NONNULL = YES;
				CLANG_CXX_LANGUAGE_STANDARD = "gnu++0x";
				CLANG_CXX_LIBRARY = "libc++";
				CLANG_ENABLE_MODULES = YES;
				CLANG_ENABLE_OBJC_ARC = YES;
				CLANG_WARN_BOOL_CONVERSION = YES;
				CLANG_WARN_CONSTANT_CONVERSION = YES;
				CLANG_WARN_DIRECT_OBJC_ISA_USAGE = YES_ERROR;
				CLANG_WARN_DOCUMENTATION_COMMENTS = YES;
				CLANG_WARN_EMPTY_BODY = YES;
				CLANG_WARN_ENUM_CONVERSION = YES;
				CLANG_WARN_INFINITE_RECURSION = YES;
				CLANG_WARN_INT_CONVERSION = YES;
				CLANG_WARN_OBJC_ROOT_CLASS = YES_ERROR;
				CLANG_WARN_SUSPICIOUS_MOVE = YES;
				CLANG_WARN_SUSPICIOUS_MOVES = YES;
				CLANG_WARN_UNREACHABLE_CODE = YES;
				CLANG_WARN__DUPLICATE_METHOD_MATCH = YES;
				"CODE_SIGN_IDENTITY[sdk=iphoneos*]" = "iPhone Developer";
				COPY_PHASE_STRIP = NO;
				DEBUG_INFORMATION_FORMAT = dwarf;
				ENABLE_STRICT_OBJC_MSGSEND = YES;
				ENABLE_TESTABILITY = YES;
				GCC_C_LANGUAGE_STANDARD = gnu99;
				GCC_DYNAMIC_NO_PIC = NO;
				GCC_NO_COMMON_BLOCKS = YES;
				GCC_OPTIMIZATION_LEVEL = 0;
				GCC_PREPROCESSOR_DEFINITIONS = (
					"DEBUG=1",
					"$(inherited)",
				);
				GCC_WARN_64_TO_32_BIT_CONVERSION = YES;
				GCC_WARN_ABOUT_RETURN_TYPE = YES_ERROR;
				GCC_WARN_UNDECLARED_SELECTOR = YES;
				GCC_WARN_UNINITIALIZED_AUTOS = YES_AGGRESSIVE;
				GCC_WARN_UNUSED_FUNCTION = YES;
				GCC_WARN_UNUSED_VARIABLE = YES;
				IPHONEOS_DEPLOYMENT_TARGET = 8.0;
				MTL_ENABLE_DEBUG_INFO = YES;
				ONLY_ACTIVE_ARCH = YES;
				SDKROOT = iphoneos;
				SWIFT_ACTIVE_COMPILATION_CONDITIONS = DEBUG;
				SWIFT_OPTIMIZATION_LEVEL = "-Onone";
			};
			name = Debug;
		};
		47FB57D21D56F0A300BCBF41 /* Release */ = {
			isa = XCBuildConfiguration;
			buildSettings = {
				ALWAYS_SEARCH_USER_PATHS = NO;
				CLANG_ANALYZER_NONNULL = YES;
				CLANG_CXX_LANGUAGE_STANDARD = "gnu++0x";
				CLANG_CXX_LIBRARY = "libc++";
				CLANG_ENABLE_MODULES = YES;
				CLANG_ENABLE_OBJC_ARC = YES;
				CLANG_WARN_BOOL_CONVERSION = YES;
				CLANG_WARN_CONSTANT_CONVERSION = YES;
				CLANG_WARN_DIRECT_OBJC_ISA_USAGE = YES_ERROR;
				CLANG_WARN_DOCUMENTATION_COMMENTS = YES;
				CLANG_WARN_EMPTY_BODY = YES;
				CLANG_WARN_ENUM_CONVERSION = YES;
				CLANG_WARN_INFINITE_RECURSION = YES;
				CLANG_WARN_INT_CONVERSION = YES;
				CLANG_WARN_OBJC_ROOT_CLASS = YES_ERROR;
				CLANG_WARN_SUSPICIOUS_MOVE = YES;
				CLANG_WARN_SUSPICIOUS_MOVES = YES;
				CLANG_WARN_UNREACHABLE_CODE = YES;
				CLANG_WARN__DUPLICATE_METHOD_MATCH = YES;
				"CODE_SIGN_IDENTITY[sdk=iphoneos*]" = "iPhone Developer";
				COPY_PHASE_STRIP = NO;
				DEBUG_INFORMATION_FORMAT = "dwarf-with-dsym";
				ENABLE_NS_ASSERTIONS = NO;
				ENABLE_STRICT_OBJC_MSGSEND = YES;
				GCC_C_LANGUAGE_STANDARD = gnu99;
				GCC_NO_COMMON_BLOCKS = YES;
				GCC_WARN_64_TO_32_BIT_CONVERSION = YES;
				GCC_WARN_ABOUT_RETURN_TYPE = YES_ERROR;
				GCC_WARN_UNDECLARED_SELECTOR = YES;
				GCC_WARN_UNINITIALIZED_AUTOS = YES_AGGRESSIVE;
				GCC_WARN_UNUSED_FUNCTION = YES;
				GCC_WARN_UNUSED_VARIABLE = YES;
				IPHONEOS_DEPLOYMENT_TARGET = 8.0;
				MTL_ENABLE_DEBUG_INFO = NO;
				SDKROOT = iphoneos;
				SWIFT_OPTIMIZATION_LEVEL = "-Owholemodule";
				VALIDATE_PRODUCT = YES;
			};
			name = Release;
		};
		47FB57D41D56F0A300BCBF41 /* Debug */ = {
			isa = XCBuildConfiguration;
			baseConfigurationReference = 73C2034B95E9309BF08A7A0F /* Pods-Swift3.0-WeiBo.debug.xcconfig */;
			buildSettings = {
				ASSETCATALOG_COMPILER_APPICON_NAME = AppIcon;
				DEVELOPMENT_TEAM = 5MPLF388EQ;
				INFOPLIST_FILE = "Swift3.0-WeiBo/Info.plist";
				LD_RUNPATH_SEARCH_PATHS = "$(inherited) @executable_path/Frameworks";
				PRODUCT_BUNDLE_IDENTIFIER = "com.X-LiangIdeaHouse.Swift3-0-WeiBo";
				PRODUCT_NAME = WeiBo;
				SWIFT_OBJC_BRIDGING_HEADER = "Swift3.0-WeiBo/Class/Tools/WeiBo-Bridge.h";
				SWIFT_VERSION = 3.0;
			};
			name = Debug;
		};
		47FB57D51D56F0A300BCBF41 /* Release */ = {
			isa = XCBuildConfiguration;
			baseConfigurationReference = A0884D90D940C18A5F59360C /* Pods-Swift3.0-WeiBo.release.xcconfig */;
			buildSettings = {
				ASSETCATALOG_COMPILER_APPICON_NAME = AppIcon;
				DEVELOPMENT_TEAM = 5MPLF388EQ;
				INFOPLIST_FILE = "Swift3.0-WeiBo/Info.plist";
				LD_RUNPATH_SEARCH_PATHS = "$(inherited) @executable_path/Frameworks";
				PRODUCT_BUNDLE_IDENTIFIER = "com.X-LiangIdeaHouse.Swift3-0-WeiBo";
				PRODUCT_NAME = WeiBo;
				SWIFT_OBJC_BRIDGING_HEADER = "Swift3.0-WeiBo/Class/Tools/WeiBo-Bridge.h";
				SWIFT_VERSION = 3.0;
			};
			name = Release;
		};
/* End XCBuildConfiguration section */

/* Begin XCConfigurationList section */
		47FB57BC1D56F0A300BCBF41 /* Build configuration list for PBXProject "Swift3.0-WeiBo" */ = {
			isa = XCConfigurationList;
			buildConfigurations = (
				47FB57D11D56F0A300BCBF41 /* Debug */,
				47FB57D21D56F0A300BCBF41 /* Release */,
			);
			defaultConfigurationIsVisible = 0;
			defaultConfigurationName = Release;
		};
		47FB57D31D56F0A300BCBF41 /* Build configuration list for PBXNativeTarget "Swift3.0-WeiBo" */ = {
			isa = XCConfigurationList;
			buildConfigurations = (
				47FB57D41D56F0A300BCBF41 /* Debug */,
				47FB57D51D56F0A300BCBF41 /* Release */,
			);
			defaultConfigurationIsVisible = 0;
			defaultConfigurationName = Release;
		};
/* End XCConfigurationList section */
	};
	rootObject = 47FB57B91D56F0A300BCBF41 /* Project object */;
}
